
Microsoft Visual Studio Solution File, Format Version 12.00
# Visual Studio 15
VisualStudioVersion = 15.0.27703.2042
MinimumVisualStudioVersion = 10.0.40219.1
Project("{FAE04EC0-301F-11D3-BF4B-00C04F79EFBC}") = "Contract", "Contract\Contract.csproj", "{D7B19179-B50E-4C4A-97CF-7B5AB2E0A336}"
EndProject
Global
	GlobalSection(SolutionConfigurationPlatforms) = preSolution
		Debug|Any CPU = Debug|Any CPU
		Release|Any CPU = Release|Any CPU
	EndGlobalSection
	GlobalSection(ProjectConfigurationPlatforms) = postSolution
		{D7B19179-B50E-4C4A-97CF-7B5AB2E0A336}.Debug|Any CPU.ActiveCfg = Debug|Any CPU
		{D7B19179-B50E-4C4A-97CF-7B5AB2E0A336}.Debug|Any CPU.Build.0 = Debug|Any CPU
		{D7B19179-B50E-4C4A-97CF-7B5AB2E0A336}.Release|Any CPU.ActiveCfg = Release|Any CPU
		{D7B19179-B50E-4C4A-97CF-7B5AB2E0A336}.Release|Any CPU.Build.0 = Release|Any CPU
	EndGlobalSection
	GlobalSection(SolutionProperties) = preSolution
		HideSolutionNode = FALSE
	EndGlobalSection
	GlobalSection(ExtensibilityGlobals) = postSolution
		SolutionGuid = {E3AD962D-188D-453D-A6F5-1A292AF995F3}
	EndGlobalSection
EndGlobal
